
Microsoft Visual Studio Solution File, Format Version 12.00
# Visual Studio 15
VisualStudioVersion = 15.0.27428.2002
MinimumVisualStudioVersion = 10.0.40219.1
Project("{FAE04EC0-301F-11D3-BF4B-00C04F79EFBC}") = "RGZ_CG_31", "RGZ_CG_17\RGZ_CG_31.csproj", "{3F964A33-E483-4023-BABC-B05ABBD805CC}"
EndProject
Global
	GlobalSection(SolutionConfigurationPlatforms) = preSolution
		Debug|Any CPU = Debug|Any CPU
		Release|Any CPU = Release|Any CPU
	EndGlobalSection
	GlobalSection(ProjectConfigurationPlatforms) = postSolution
		{3F964A33-E483-4023-BABC-B05ABBD805CC}.Debug|Any CPU.ActiveCfg = Debug|Any CPU
		{3F964A33-E483-4023-BABC-B05ABBD805CC}.Debug|Any CPU.Build.0 = Debug|Any CPU
		{3F964A33-E483-4023-BABC-B05ABBD805CC}.Release|Any CPU.ActiveCfg = Release|Any CPU
		{3F964A33-E483-4023-BABC-B05ABBD805CC}.Release|Any CPU.Build.0 = Release|Any CPU
	EndGlobalSection
	GlobalSection(SolutionProperties) = preSolution
		HideSolutionNode = FALSE
	EndGlobalSection
	GlobalSection(ExtensibilityGlobals) = postSolution
		SolutionGuid = {E51D24BC-64B0-4234-AB8A-918F8C8EBE26}
	EndGlobalSection
EndGlobal
